// !$*UTF8*$!
{
	archiveVersion = 1;
	classes = {
	};
	objectVersion = 50;
	objects = {

/* Begin PBXBuildFile section */
		2475E285C42C86639C71D8F3 /* AsyncTestHelper.swift in Sources */ = {isa = PBXBuildFile; fileRef = 2475EDC985BEAEDD4A885DD2 /* AsyncTestHelper.swift */; };
		2475EEF8629C663252C7D7C7 /* MemoryLeakDetectorTests.swift in Sources */ = {isa = PBXBuildFile; fileRef = 2475E0FDF823C8EA161D282F /* MemoryLeakDetectorTests.swift */; };
		2475EFE22BC1D591F2D9BDE1 /* DebugHelper.swift in Sources */ = {isa = PBXBuildFile; fileRef = 2475E6A47218C7CDFCAE0705 /* DebugHelper.swift */; };
		62DDB925216097F50005BFEA /* AppDelegate.swift in Sources */ = {isa = PBXBuildFile; fileRef = 62DDB924216097F50005BFEA /* AppDelegate.swift */; };
		62DDB927216097F50005BFEA /* ViewController.swift in Sources */ = {isa = PBXBuildFile; fileRef = 62DDB926216097F50005BFEA /* ViewController.swift */; };
		62DDB92A216097F50005BFEA /* Main.storyboard in Resources */ = {isa = PBXBuildFile; fileRef = 62DDB928216097F50005BFEA /* Main.storyboard */; };
		62DDB92C216097F70005BFEA /* Assets.xcassets in Resources */ = {isa = PBXBuildFile; fileRef = 62DDB92B216097F70005BFEA /* Assets.xcassets */; };
		62DDB92F216097F70005BFEA /* LaunchScreen.storyboard in Resources */ = {isa = PBXBuildFile; fileRef = 62DDB92D216097F70005BFEA /* LaunchScreen.storyboard */; };
		62DDB97821609A680005BFEA /* GlobalModalPresenterTests.swift in Sources */ = {isa = PBXBuildFile; fileRef = 62DDB97721609A680005BFEA /* GlobalModalPresenterTests.swift */; };
		62DDB9AA2160BB390005BFEA /* UIKitTestable.framework in Frameworks */ = {isa = PBXBuildFile; fileRef = 62DDB9A92160BB390005BFEA /* UIKitTestable.framework */; };
		62DDB9DC216117430005BFEA /* UIKitTests.framework in Frameworks */ = {isa = PBXBuildFile; fileRef = 62DDB9DB216117430005BFEA /* UIKitTests.framework */; };
/* End PBXBuildFile section */

/* Begin PBXContainerItemProxy section */
		62DDB936216097F70005BFEA /* PBXContainerItemProxy */ = {
			isa = PBXContainerItemProxy;
			containerPortal = 62DDB919216097F50005BFEA /* Project object */;
			proxyType = 1;
			remoteGlobalIDString = 62DDB920216097F50005BFEA;
			remoteInfo = UIKitTestableTests;
		};
/* End PBXContainerItemProxy section */

/* Begin PBXFileReference section */
		2475E0FDF823C8EA161D282F /* MemoryLeakDetectorTests.swift */ = {isa = PBXFileReference; fileEncoding = 4; lastKnownFileType = sourcecode.swift; path = MemoryLeakDetectorTests.swift; sourceTree = "<group>"; };
		2475E6A47218C7CDFCAE0705 /* DebugHelper.swift */ = {isa = PBXFileReference; fileEncoding = 4; lastKnownFileType = sourcecode.swift; path = DebugHelper.swift; sourceTree = "<group>"; };
		2475EDC985BEAEDD4A885DD2 /* AsyncTestHelper.swift */ = {isa = PBXFileReference; fileEncoding = 4; lastKnownFileType = sourcecode.swift; path = AsyncTestHelper.swift; sourceTree = "<group>"; };
		62DDB921216097F50005BFEA /* UIKitTestableTests.app */ = {isa = PBXFileReference; explicitFileType = wrapper.application; includeInIndex = 0; path = UIKitTestableTests.app; sourceTree = BUILT_PRODUCTS_DIR; };
		62DDB924216097F50005BFEA /* AppDelegate.swift */ = {isa = PBXFileReference; lastKnownFileType = sourcecode.swift; path = AppDelegate.swift; sourceTree = "<group>"; };
		62DDB926216097F50005BFEA /* ViewController.swift */ = {isa = PBXFileReference; lastKnownFileType = sourcecode.swift; path = ViewController.swift; sourceTree = "<group>"; };
		62DDB929216097F50005BFEA /* Base */ = {isa = PBXFileReference; lastKnownFileType = file.storyboard; name = Base; path = Base.lproj/Main.storyboard; sourceTree = "<group>"; };
		62DDB92B216097F70005BFEA /* Assets.xcassets */ = {isa = PBXFileReference; lastKnownFileType = folder.assetcatalog; path = Assets.xcassets; sourceTree = "<group>"; };
		62DDB92E216097F70005BFEA /* Base */ = {isa = PBXFileReference; lastKnownFileType = file.storyboard; name = Base; path = Base.lproj/LaunchScreen.storyboard; sourceTree = "<group>"; };
		62DDB930216097F70005BFEA /* Info.plist */ = {isa = PBXFileReference; lastKnownFileType = text.plist.xml; path = Info.plist; sourceTree = "<group>"; };
		62DDB935216097F70005BFEA /* UIKitTestableTestsTests.xctest */ = {isa = PBXFileReference; explicitFileType = wrapper.cfbundle; includeInIndex = 0; path = UIKitTestableTestsTests.xctest; sourceTree = BUILT_PRODUCTS_DIR; };
		62DDB93B216097F70005BFEA /* Info.plist */ = {isa = PBXFileReference; lastKnownFileType = text.plist.xml; path = Info.plist; sourceTree = "<group>"; };
		62DDB97721609A680005BFEA /* GlobalModalPresenterTests.swift */ = {isa = PBXFileReference; fileEncoding = 4; lastKnownFileType = sourcecode.swift; path = GlobalModalPresenterTests.swift; sourceTree = "<group>"; };
		62DDB9A92160BB390005BFEA /* UIKitTestable.framework */ = {isa = PBXFileReference; explicitFileType = wrapper.framework; path = UIKitTestable.framework; sourceTree = BUILT_PRODUCTS_DIR; };
		62DDB9DB216117430005BFEA /* UIKitTests.framework */ = {isa = PBXFileReference; explicitFileType = wrapper.framework; path = UIKitTests.framework; sourceTree = BUILT_PRODUCTS_DIR; };
/* End PBXFileReference section */

/* Begin PBXFrameworksBuildPhase section */
		62DDB91E216097F50005BFEA /* Frameworks */ = {
			isa = PBXFrameworksBuildPhase;
			buildActionMask = 2147483647;
			files = (
			);
			runOnlyForDeploymentPostprocessing = 0;
		};
		62DDB932216097F70005BFEA /* Frameworks */ = {
			isa = PBXFrameworksBuildPhase;
			buildActionMask = 2147483647;
			files = (
				62DDB9DC216117430005BFEA /* UIKitTests.framework in Frameworks */,
				62DDB9AA2160BB390005BFEA /* UIKitTestable.framework in Frameworks */,
			);
			runOnlyForDeploymentPostprocessing = 0;
		};
/* End PBXFrameworksBuildPhase section */

/* Begin PBXGroup section */
		62DDB918216097F50005BFEA = {
			isa = PBXGroup;
			children = (
				62DDB944216098B70005BFEA /* Frameworks */,
				62DDB922216097F50005BFEA /* Products */,
				62DDB923216097F50005BFEA /* UIKitTestableTests */,
				62DDB938216097F70005BFEA /* UIKitTestableTestsTests */,
			);
			sourceTree = "<group>";
		};
		62DDB922216097F50005BFEA /* Products */ = {
			isa = PBXGroup;
			children = (
				62DDB921216097F50005BFEA /* UIKitTestableTests.app */,
				62DDB935216097F70005BFEA /* UIKitTestableTestsTests.xctest */,
			);
			name = Products;
			sourceTree = "<group>";
		};
		62DDB923216097F50005BFEA /* UIKitTestableTests */ = {
			isa = PBXGroup;
			children = (
				62DDB924216097F50005BFEA /* AppDelegate.swift */,
				62DDB92B216097F70005BFEA /* Assets.xcassets */,
				62DDB930216097F70005BFEA /* Info.plist */,
				62DDB92D216097F70005BFEA /* LaunchScreen.storyboard */,
				62DDB928216097F50005BFEA /* Main.storyboard */,
				62DDB926216097F50005BFEA /* ViewController.swift */,
			);
			path = UIKitTestableTests;
			sourceTree = "<group>";
		};
		62DDB938216097F70005BFEA /* UIKitTestableTestsTests */ = {
			isa = PBXGroup;
			children = (
				2475EDC985BEAEDD4A885DD2 /* AsyncTestHelper.swift */,
				2475E6A47218C7CDFCAE0705 /* DebugHelper.swift */,
				62DDB97721609A680005BFEA /* GlobalModalPresenterTests.swift */,
				62DDB93B216097F70005BFEA /* Info.plist */,
				2475E0FDF823C8EA161D282F /* MemoryLeakDetectorTests.swift */,
			);
			path = UIKitTestableTestsTests;
			sourceTree = "<group>";
		};
		62DDB944216098B70005BFEA /* Frameworks */ = {
			isa = PBXGroup;
			children = (
				62DDB9DB216117430005BFEA /* UIKitTests.framework */,
				62DDB9A92160BB390005BFEA /* UIKitTestable.framework */,
			);
			name = Frameworks;
			sourceTree = "<group>";
		};
/* End PBXGroup section */

/* Begin PBXNativeTarget section */
		62DDB920216097F50005BFEA /* UIKitTestableTests */ = {
			isa = PBXNativeTarget;
			buildConfigurationList = 62DDB93E216097F70005BFEA /* Build configuration list for PBXNativeTarget "UIKitTestableTests" */;
			buildPhases = (
				62DDB91D216097F50005BFEA /* Sources */,
				62DDB91E216097F50005BFEA /* Frameworks */,
				62DDB91F216097F50005BFEA /* Resources */,
			);
			buildRules = (
			);
			dependencies = (
			);
			name = UIKitTestableTests;
			productName = UIKitTestableTests;
			productReference = 62DDB921216097F50005BFEA /* UIKitTestableTests.app */;
			productType = "com.apple.product-type.application";
		};
		62DDB934216097F70005BFEA /* UIKitTestableTestsTests */ = {
			isa = PBXNativeTarget;
			buildConfigurationList = 62DDB941216097F70005BFEA /* Build configuration list for PBXNativeTarget "UIKitTestableTestsTests" */;
			buildPhases = (
				62DDB931216097F70005BFEA /* Sources */,
				62DDB932216097F70005BFEA /* Frameworks */,
				62DDB933216097F70005BFEA /* Resources */,
			);
			buildRules = (
			);
			dependencies = (
				62DDB937216097F70005BFEA /* PBXTargetDependency */,
			);
			name = UIKitTestableTestsTests;
			productName = UIKitTestableTestsTests;
			productReference = 62DDB935216097F70005BFEA /* UIKitTestableTestsTests.xctest */;
			productType = "com.apple.product-type.bundle.unit-test";
		};
/* End PBXNativeTarget section */

/* Begin PBXProject section */
		62DDB919216097F50005BFEA /* Project object */ = {
			isa = PBXProject;
			attributes = {
				LastSwiftUpdateCheck = 1000;
				LastUpgradeCheck = 1000;
				ORGANIZATIONNAME = "Yuki Kokubun";
				TargetAttributes = {
					62DDB920216097F50005BFEA = {
						CreatedOnToolsVersion = 10.0;
					};
					62DDB934216097F70005BFEA = {
						CreatedOnToolsVersion = 10.0;
						TestTargetID = 62DDB920216097F50005BFEA;
					};
				};
			};
			buildConfigurationList = 62DDB91C216097F50005BFEA /* Build configuration list for PBXProject "UIKitTestableTests" */;
			compatibilityVersion = "Xcode 9.3";
			developmentRegion = en;
			hasScannedForEncodings = 0;
			knownRegions = (
				en,
				Base,
			);
			mainGroup = 62DDB918216097F50005BFEA;
			productRefGroup = 62DDB922216097F50005BFEA /* Products */;
			projectDirPath = "";
			projectRoot = "";
			targets = (
				62DDB920216097F50005BFEA /* UIKitTestableTests */,
				62DDB934216097F70005BFEA /* UIKitTestableTestsTests */,
			);
		};
/* End PBXProject section */

/* Begin PBXResourcesBuildPhase section */
		62DDB91F216097F50005BFEA /* Resources */ = {
			isa = PBXResourcesBuildPhase;
			buildActionMask = 2147483647;
			files = (
				62DDB92F216097F70005BFEA /* LaunchScreen.storyboard in Resources */,
				62DDB92C216097F70005BFEA /* Assets.xcassets in Resources */,
				62DDB92A216097F50005BFEA /* Main.storyboard in Resources */,
			);
			runOnlyForDeploymentPostprocessing = 0;
		};
		62DDB933216097F70005BFEA /* Resources */ = {
			isa = PBXResourcesBuildPhase;
			buildActionMask = 2147483647;
			files = (
			);
			runOnlyForDeploymentPostprocessing = 0;
		};
/* End PBXResourcesBuildPhase section */

/* Begin PBXSourcesBuildPhase section */
		62DDB91D216097F50005BFEA /* Sources */ = {
			isa = PBXSourcesBuildPhase;
			buildActionMask = 2147483647;
			files = (
				62DDB927216097F50005BFEA /* ViewController.swift in Sources */,
				62DDB925216097F50005BFEA /* AppDelegate.swift in Sources */,
			);
			runOnlyForDeploymentPostprocessing = 0;
		};
		62DDB931216097F70005BFEA /* Sources */ = {
			isa = PBXSourcesBuildPhase;
			buildActionMask = 2147483647;
			files = (
				62DDB97821609A680005BFEA /* GlobalModalPresenterTests.swift in Sources */,
				2475E285C42C86639C71D8F3 /* AsyncTestHelper.swift in Sources */,
				2475EFE22BC1D591F2D9BDE1 /* DebugHelper.swift in Sources */,
				2475EEF8629C663252C7D7C7 /* MemoryLeakDetectorTests.swift in Sources */,
			);
			runOnlyForDeploymentPostprocessing = 0;
		};
/* End PBXSourcesBuildPhase section */

/* Begin PBXTargetDependency section */
		62DDB937216097F70005BFEA /* PBXTargetDependency */ = {
			isa = PBXTargetDependency;
			target = 62DDB920216097F50005BFEA /* UIKitTestableTests */;
			targetProxy = 62DDB936216097F70005BFEA /* PBXContainerItemProxy */;
		};
/* End PBXTargetDependency section */

/* Begin PBXVariantGroup section */
		62DDB928216097F50005BFEA /* Main.storyboard */ = {
			isa = PBXVariantGroup;
			children = (
				62DDB929216097F50005BFEA /* Base */,
			);
			name = Main.storyboard;
			path = .;
			sourceTree = "<group>";
		};
		62DDB92D216097F70005BFEA /* LaunchScreen.storyboard */ = {
			isa = PBXVariantGroup;
			children = (
				62DDB92E216097F70005BFEA /* Base */,
			);
			name = LaunchScreen.storyboard;
			path = .;
			sourceTree = "<group>";
		};
/* End PBXVariantGroup section */

/* Begin XCBuildConfiguration section */
		62DDB93C216097F70005BFEA /* Debug */ = {
			isa = XCBuildConfiguration;
			buildSettings = {
				ALWAYS_SEARCH_USER_PATHS = NO;
				CLANG_ANALYZER_NONNULL = YES;
				CLANG_ANALYZER_NUMBER_OBJECT_CONVERSION = YES_AGGRESSIVE;
				CLANG_CXX_LANGUAGE_STANDARD = "gnu++14";
				CLANG_CXX_LIBRARY = "libc++";
				CLANG_ENABLE_MODULES = YES;
				CLANG_ENABLE_OBJC_ARC = YES;
				CLANG_ENABLE_OBJC_WEAK = YES;
				CLANG_WARN_BLOCK_CAPTURE_AUTORELEASING = YES;
				CLANG_WARN_BOOL_CONVERSION = YES;
				CLANG_WARN_COMMA = YES;
				CLANG_WARN_CONSTANT_CONVERSION = YES;
				CLANG_WARN_DEPRECATED_OBJC_IMPLEMENTATIONS = YES;
				CLANG_WARN_DIRECT_OBJC_ISA_USAGE = YES_ERROR;
				CLANG_WARN_DOCUMENTATION_COMMENTS = YES;
				CLANG_WARN_EMPTY_BODY = YES;
				CLANG_WARN_ENUM_CONVERSION = YES;
				CLANG_WARN_INFINITE_RECURSION = YES;
				CLANG_WARN_INT_CONVERSION = YES;
				CLANG_WARN_NON_LITERAL_NULL_CONVERSION = YES;
				CLANG_WARN_OBJC_IMPLICIT_RETAIN_SELF = YES;
				CLANG_WARN_OBJC_LITERAL_CONVERSION = YES;
				CLANG_WARN_OBJC_ROOT_CLASS = YES_ERROR;
				CLANG_WARN_RANGE_LOOP_ANALYSIS = YES;
				CLANG_WARN_STRICT_PROTOTYPES = YES;
				CLANG_WARN_SUSPICIOUS_MOVE = YES;
				CLANG_WARN_UNGUARDED_AVAILABILITY = YES_AGGRESSIVE;
				CLANG_WARN_UNREACHABLE_CODE = YES;
				CLANG_WARN__DUPLICATE_METHOD_MATCH = YES;
				CODE_SIGN_IDENTITY = "iPhone Developer";
				COPY_PHASE_STRIP = NO;
				DEBUG_INFORMATION_FORMAT = dwarf;
				ENABLE_STRICT_OBJC_MSGSEND = YES;
				ENABLE_TESTABILITY = YES;
				GCC_C_LANGUAGE_STANDARD = gnu11;
				GCC_DYNAMIC_NO_PIC = NO;
				GCC_NO_COMMON_BLOCKS = YES;
				GCC_OPTIMIZATION_LEVEL = 0;
				GCC_PREPROCESSOR_DEFINITIONS = (
					"DEBUG=1",
					"$(inherited)",
				);
				GCC_WARN_64_TO_32_BIT_CONVERSION = YES;
				GCC_WARN_ABOUT_RETURN_TYPE = YES_ERROR;
				GCC_WARN_UNDECLARED_SELECTOR = YES;
				GCC_WARN_UNINITIALIZED_AUTOS = YES_AGGRESSIVE;
				GCC_WARN_UNUSED_FUNCTION = YES;
				GCC_WARN_UNUSED_VARIABLE = YES;
				IPHONEOS_DEPLOYMENT_TARGET = 12.0;
				MTL_ENABLE_DEBUG_INFO = INCLUDE_SOURCE;
				MTL_FAST_MATH = YES;
				ONLY_ACTIVE_ARCH = YES;
				SDKROOT = iphoneos;
				SWIFT_ACTIVE_COMPILATION_CONDITIONS = DEBUG;
				SWIFT_OPTIMIZATION_LEVEL = "-Onone";
			};
			name = Debug;
		};
		62DDB93D216097F70005BFEA /* Release */ = {
			isa = XCBuildConfiguration;
			buildSettings = {
				ALWAYS_SEARCH_USER_PATHS = NO;
				CLANG_ANALYZER_NONNULL = YES;
				CLANG_ANALYZER_NUMBER_OBJECT_CONVERSION = YES_AGGRESSIVE;
				CLANG_CXX_LANGUAGE_STANDARD = "gnu++14";
				CLANG_CXX_LIBRARY = "libc++";
				CLANG_ENABLE_MODULES = YES;
				CLANG_ENABLE_OBJC_ARC = YES;
				CLANG_ENABLE_OBJC_WEAK = YES;
				CLANG_WARN_BLOCK_CAPTURE_AUTORELEASING = YES;
				CLANG_WARN_BOOL_CONVERSION = YES;
				CLANG_WARN_COMMA = YES;
				CLANG_WARN_CONSTANT_CONVERSION = YES;
				CLANG_WARN_DEPRECATED_OBJC_IMPLEMENTATIONS = YES;
				CLANG_WARN_DIRECT_OBJC_ISA_USAGE = YES_ERROR;
				CLANG_WARN_DOCUMENTATION_COMMENTS = YES;
				CLANG_WARN_EMPTY_BODY = YES;
				CLANG_WARN_ENUM_CONVERSION = YES;
				CLANG_WARN_INFINITE_RECURSION = YES;
				CLANG_WARN_INT_CONVERSION = YES;
				CLANG_WARN_NON_LITERAL_NULL_CONVERSION = YES;
				CLANG_WARN_OBJC_IMPLICIT_RETAIN_SELF = YES;
				CLANG_WARN_OBJC_LITERAL_CONVERSION = YES;
				CLANG_WARN_OBJC_ROOT_CLASS = YES_ERROR;
				CLANG_WARN_RANGE_LOOP_ANALYSIS = YES;
				CLANG_WARN_STRICT_PROTOTYPES = YES;
				CLANG_WARN_SUSPICIOUS_MOVE = YES;
				CLANG_WARN_UNGUARDED_AVAILABILITY = YES_AGGRESSIVE;
				CLANG_WARN_UNREACHABLE_CODE = YES;
				CLANG_WARN__DUPLICATE_METHOD_MATCH = YES;
				CODE_SIGN_IDENTITY = "iPhone Developer";
				COPY_PHASE_STRIP = NO;
				DEBUG_INFORMATION_FORMAT = "dwarf-with-dsym";
				ENABLE_NS_ASSERTIONS = NO;
				ENABLE_STRICT_OBJC_MSGSEND = YES;
				GCC_C_LANGUAGE_STANDARD = gnu11;
				GCC_NO_COMMON_BLOCKS = YES;
				GCC_WARN_64_TO_32_BIT_CONVERSION = YES;
				GCC_WARN_ABOUT_RETURN_TYPE = YES_ERROR;
				GCC_WARN_UNDECLARED_SELECTOR = YES;
				GCC_WARN_UNINITIALIZED_AUTOS = YES_AGGRESSIVE;
				GCC_WARN_UNUSED_FUNCTION = YES;
				GCC_WARN_UNUSED_VARIABLE = YES;
				IPHONEOS_DEPLOYMENT_TARGET = 12.0;
				MTL_ENABLE_DEBUG_INFO = NO;
				MTL_FAST_MATH = YES;
				SDKROOT = iphoneos;
				SWIFT_COMPILATION_MODE = wholemodule;
				SWIFT_OPTIMIZATION_LEVEL = "-O";
				VALIDATE_PRODUCT = YES;
			};
			name = Release;
		};
		62DDB93F216097F70005BFEA /* Debug */ = {
			isa = XCBuildConfiguration;
			buildSettings = {
				ASSETCATALOG_COMPILER_APPICON_NAME = AppIcon;
				CODE_SIGN_STYLE = Automatic;
				INFOPLIST_FILE = UIKitTestableTests/Info.plist;
				LD_RUNPATH_SEARCH_PATHS = (
					"$(inherited)",
					"@executable_path/Frameworks",
				);
				PRODUCT_BUNDLE_IDENTIFIER = com.kuniwak.UIKitTestableTests;
				PRODUCT_NAME = "$(TARGET_NAME)";
				SWIFT_VERSION = 4.2;
				TARGETED_DEVICE_FAMILY = "1,2";
			};
			name = Debug;
		};
		62DDB940216097F70005BFEA /* Release */ = {
			isa = XCBuildConfiguration;
			buildSettings = {
				ASSETCATALOG_COMPILER_APPICON_NAME = AppIcon;
				CODE_SIGN_STYLE = Automatic;
				INFOPLIST_FILE = UIKitTestableTests/Info.plist;
				LD_RUNPATH_SEARCH_PATHS = (
					"$(inherited)",
					"@executable_path/Frameworks",
				);
				PRODUCT_BUNDLE_IDENTIFIER = com.kuniwak.UIKitTestableTests;
				PRODUCT_NAME = "$(TARGET_NAME)";
				SWIFT_VERSION = 4.2;
				TARGETED_DEVICE_FAMILY = "1,2";
			};
			name = Release;
		};
		62DDB942216097F70005BFEA /* Debug */ = {
			isa = XCBuildConfiguration;
			buildSettings = {
				ALWAYS_EMBED_SWIFT_STANDARD_LIBRARIES = YES;
				BUNDLE_LOADER = "$(TEST_HOST)";
				CODE_SIGN_STYLE = Automatic;
				INFOPLIST_FILE = UIKitTestableTestsTests/Info.plist;
				LD_RUNPATH_SEARCH_PATHS = (
					"$(inherited)",
					"@executable_path/Frameworks",
					"@loader_path/Frameworks",
				);
				PRODUCT_BUNDLE_IDENTIFIER = com.kuniwak.UIKitTestableTestsTests;
				PRODUCT_NAME = "$(TARGET_NAME)";
				SWIFT_VERSION = 4.2;
				TARGETED_DEVICE_FAMILY = "1,2";
				TEST_HOST = "$(BUILT_PRODUCTS_DIR)/UIKitTestableTests.app/UIKitTestableTests";
			};
			name = Debug;
		};
		62DDB943216097F70005BFEA /* Release */ = {
			isa = XCBuildConfiguration;
			buildSettings = {
				ALWAYS_EMBED_SWIFT_STANDARD_LIBRARIES = YES;
				BUNDLE_LOADER = "$(TEST_HOST)";
				CODE_SIGN_STYLE = Automatic;
				INFOPLIST_FILE = UIKitTestableTestsTests/Info.plist;
				LD_RUNPATH_SEARCH_PATHS = (
					"$(inherited)",
					"@executable_path/Frameworks",
					"@loader_path/Frameworks",
				);
				PRODUCT_BUNDLE_IDENTIFIER = com.kuniwak.UIKitTestableTestsTests;
				PRODUCT_NAME = "$(TARGET_NAME)";
				SWIFT_VERSION = 4.2;
				TARGETED_DEVICE_FAMILY = "1,2";
				TEST_HOST = "$(BUILT_PRODUCTS_DIR)/UIKitTestableTests.app/UIKitTestableTests";
			};
			name = Release;
		};
/* End XCBuildConfiguration section */

/* Begin XCConfigurationList section */
		62DDB91C216097F50005BFEA /* Build configuration list for PBXProject "UIKitTestableTests" */ = {
			isa = XCConfigurationList;
			buildConfigurations = (
				62DDB93C216097F70005BFEA /* Debug */,
				62DDB93D216097F70005BFEA /* Release */,
			);
			defaultConfigurationIsVisible = 0;
			defaultConfigurationName = Release;
		};
		62DDB93E216097F70005BFEA /* Build configuration list for PBXNativeTarget "UIKitTestableTests" */ = {
			isa = XCConfigurationList;
			buildConfigurations = (
				62DDB93F216097F70005BFEA /* Debug */,
				62DDB940216097F70005BFEA /* Release */,
			);
			defaultConfigurationIsVisible = 0;
			defaultConfigurationName = Release;
		};
		62DDB941216097F70005BFEA /* Build configuration list for PBXNativeTarget "UIKitTestableTestsTests" */ = {
			isa = XCConfigurationList;
			buildConfigurations = (
				62DDB942216097F70005BFEA /* Debug */,
				62DDB943216097F70005BFEA /* Release */,
			);
			defaultConfigurationIsVisible = 0;
			defaultConfigurationName = Release;
		};
/* End XCConfigurationList section */
	};
	rootObject = 62DDB919216097F50005BFEA /* Project object */;
}
