// !$*UTF8*$!
{
	archiveVersion = 1;
	classes = {
	};
	objectVersion = 50;
	objects = {

/* Begin PBXBuildFile section */
		62FAA6B5215FD54F0040F66B /* AppDelegate.swift in Sources */ = {isa = PBXBuildFile; fileRef = 62FAA6B4215FD54F0040F66B /* AppDelegate.swift */; };
		62FAA6B7215FD54F0040F66B /* ViewController.swift in Sources */ = {isa = PBXBuildFile; fileRef = 62FAA6B6215FD54F0040F66B /* ViewController.swift */; };
		62FAA6BA215FD54F0040F66B /* Main.storyboard in Resources */ = {isa = PBXBuildFile; fileRef = 62FAA6B8215FD54F0040F66B /* Main.storyboard */; };
		62FAA6BC215FD5500040F66B /* Assets.xcassets in Resources */ = {isa = PBXBuildFile; fileRef = 62FAA6BB215FD5500040F66B /* Assets.xcassets */; };
		62FAA6BF215FD5500040F66B /* LaunchScreen.storyboard in Resources */ = {isa = PBXBuildFile; fileRef = 62FAA6BD215FD5500040F66B /* LaunchScreen.storyboard */; };
		62FAA6CA215FD5500040F66B /* TestTargetTests.swift in Sources */ = {isa = PBXBuildFile; fileRef = 62FAA6C9215FD5500040F66B /* TestTargetTests.swift */; };
/* End PBXBuildFile section */

/* Begin PBXContainerItemProxy section */
		62FAA6C6215FD5500040F66B /* PBXContainerItemProxy */ = {
			isa = PBXContainerItemProxy;
			containerPortal = 62FAA6A9215FD54F0040F66B /* Project object */;
			proxyType = 1;
			remoteGlobalIDString = 62FAA6B0215FD54F0040F66B;
			remoteInfo = TestTarget;
		};
/* End PBXContainerItemProxy section */

/* Begin PBXCopyFilesBuildPhase section */
		62FAA6DD215FD5710040F66B /* CopyFiles */ = {
			isa = PBXCopyFilesBuildPhase;
			buildActionMask = 2147483647;
			dstPath = "";
			dstSubfolderSpec = 10;
			files = (
			);
			runOnlyForDeploymentPostprocessing = 0;
		};
/* End PBXCopyFilesBuildPhase section */

/* Begin PBXFileReference section */
		62FAA6B1215FD54F0040F66B /* TestTarget.app */ = {isa = PBXFileReference; explicitFileType = wrapper.application; includeInIndex = 0; path = TestTarget.app; sourceTree = BUILT_PRODUCTS_DIR; };
		62FAA6B4215FD54F0040F66B /* AppDelegate.swift */ = {isa = PBXFileReference; lastKnownFileType = sourcecode.swift; path = AppDelegate.swift; sourceTree = "<group>"; };
		62FAA6B6215FD54F0040F66B /* ViewController.swift */ = {isa = PBXFileReference; lastKnownFileType = sourcecode.swift; path = ViewController.swift; sourceTree = "<group>"; };
		62FAA6B9215FD54F0040F66B /* Base */ = {isa = PBXFileReference; lastKnownFileType = file.storyboard; name = Base; path = Base.lproj/Main.storyboard; sourceTree = "<group>"; };
		62FAA6BB215FD5500040F66B /* Assets.xcassets */ = {isa = PBXFileReference; lastKnownFileType = folder.assetcatalog; path = Assets.xcassets; sourceTree = "<group>"; };
		62FAA6BE215FD5500040F66B /* Base */ = {isa = PBXFileReference; lastKnownFileType = file.storyboard; name = Base; path = Base.lproj/LaunchScreen.storyboard; sourceTree = "<group>"; };
		62FAA6C0215FD5500040F66B /* Info.plist */ = {isa = PBXFileReference; lastKnownFileType = text.plist.xml; path = Info.plist; sourceTree = "<group>"; };
		62FAA6C5215FD5500040F66B /* TestTargetTests.xctest */ = {isa = PBXFileReference; explicitFileType = wrapper.cfbundle; includeInIndex = 0; path = TestTargetTests.xctest; sourceTree = BUILT_PRODUCTS_DIR; };
		62FAA6C9215FD5500040F66B /* TestTargetTests.swift */ = {isa = PBXFileReference; lastKnownFileType = sourcecode.swift; path = TestTargetTests.swift; sourceTree = "<group>"; };
		62FAA6CB215FD5500040F66B /* Info.plist */ = {isa = PBXFileReference; lastKnownFileType = text.plist.xml; path = Info.plist; sourceTree = "<group>"; };
/* End PBXFileReference section */

/* Begin PBXFrameworksBuildPhase section */
		62FAA6AE215FD54F0040F66B /* Frameworks */ = {
			isa = PBXFrameworksBuildPhase;
			buildActionMask = 2147483647;
			files = (
			);
			runOnlyForDeploymentPostprocessing = 0;
		};
		62FAA6C2215FD5500040F66B /* Frameworks */ = {
			isa = PBXFrameworksBuildPhase;
			buildActionMask = 2147483647;
			files = (
			);
			runOnlyForDeploymentPostprocessing = 0;
		};
/* End PBXFrameworksBuildPhase section */

/* Begin PBXGroup section */
		62FAA6A8215FD54F0040F66B = {
			isa = PBXGroup;
			children = (
				62FAA6B3215FD54F0040F66B /* TestTarget */,
				62FAA6C8215FD5500040F66B /* TestTargetTests */,
				62FAA6B2215FD54F0040F66B /* Products */,
			);
			sourceTree = "<group>";
		};
		62FAA6B2215FD54F0040F66B /* Products */ = {
			isa = PBXGroup;
			children = (
				62FAA6B1215FD54F0040F66B /* TestTarget.app */,
				62FAA6C5215FD5500040F66B /* TestTargetTests.xctest */,
			);
			name = Products;
			sourceTree = "<group>";
		};
		62FAA6B3215FD54F0040F66B /* TestTarget */ = {
			isa = PBXGroup;
			children = (
				62FAA6B4215FD54F0040F66B /* AppDelegate.swift */,
				62FAA6B6215FD54F0040F66B /* ViewController.swift */,
				62FAA6B8215FD54F0040F66B /* Main.storyboard */,
				62FAA6BB215FD5500040F66B /* Assets.xcassets */,
				62FAA6BD215FD5500040F66B /* LaunchScreen.storyboard */,
				62FAA6C0215FD5500040F66B /* Info.plist */,
			);
			path = TestTarget;
			sourceTree = "<group>";
		};
		62FAA6C8215FD5500040F66B /* TestTargetTests */ = {
			isa = PBXGroup;
			children = (
				62FAA6C9215FD5500040F66B /* TestTargetTests.swift */,
				62FAA6CB215FD5500040F66B /* Info.plist */,
			);
			path = TestTargetTests;
			sourceTree = "<group>";
		};
/* End PBXGroup section */

/* Begin PBXNativeTarget section */
		62FAA6B0215FD54F0040F66B /* TestTarget */ = {
			isa = PBXNativeTarget;
			buildConfigurationList = 62FAA6CE215FD5500040F66B /* Build configuration list for PBXNativeTarget "TestTarget" */;
			buildPhases = (
				62FAA6AD215FD54F0040F66B /* Sources */,
				62FAA6AE215FD54F0040F66B /* Frameworks */,
				62FAA6AF215FD54F0040F66B /* Resources */,
				62FAA6DD215FD5710040F66B /* CopyFiles */,
			);
			buildRules = (
			);
			dependencies = (
			);
			name = TestTarget;
			productName = TestTarget;
			productReference = 62FAA6B1215FD54F0040F66B /* TestTarget.app */;
			productType = "com.apple.product-type.application";
		};
		62FAA6C4215FD5500040F66B /* TestTargetTests */ = {
			isa = PBXNativeTarget;
			buildConfigurationList = 62FAA6D1215FD5500040F66B /* Build configuration list for PBXNativeTarget "TestTargetTests" */;
			buildPhases = (
				62FAA6C1215FD5500040F66B /* Sources */,
				62FAA6C2215FD5500040F66B /* Frameworks */,
				62FAA6C3215FD5500040F66B /* Resources */,
			);
			buildRules = (
			);
			dependencies = (
				62FAA6C7215FD5500040F66B /* PBXTargetDependency */,
			);
			name = TestTargetTests;
			productName = TestTargetTests;
			productReference = 62FAA6C5215FD5500040F66B /* TestTargetTests.xctest */;
			productType = "com.apple.product-type.bundle.unit-test";
		};
/* End PBXNativeTarget section */

/* Begin PBXProject section */
		62FAA6A9215FD54F0040F66B /* Project object */ = {
			isa = PBXProject;
			attributes = {
				LastSwiftUpdateCheck = 1000;
				LastUpgradeCheck = 1000;
				ORGANIZATIONNAME = "Yuki Kokubun";
				TargetAttributes = {
					62FAA6B0215FD54F0040F66B = {
						CreatedOnToolsVersion = 10.0;
					};
					62FAA6C4215FD5500040F66B = {
						CreatedOnToolsVersion = 10.0;
						TestTargetID = 62FAA6B0215FD54F0040F66B;
					};
				};
			};
			buildConfigurationList = 62FAA6AC215FD54F0040F66B /* Build configuration list for PBXProject "TestTarget" */;
			compatibilityVersion = "Xcode 9.3";
			developmentRegion = en;
			hasScannedForEncodings = 0;
			knownRegions = (
				en,
				Base,
			);
			mainGroup = 62FAA6A8215FD54F0040F66B;
			productRefGroup = 62FAA6B2215FD54F0040F66B /* Products */;
			projectDirPath = "";
			projectRoot = "";
			targets = (
				62FAA6B0215FD54F0040F66B /* TestTarget */,
				62FAA6C4215FD5500040F66B /* TestTargetTests */,
			);
		};
/* End PBXProject section */

/* Begin PBXResourcesBuildPhase section */
		62FAA6AF215FD54F0040F66B /* Resources */ = {
			isa = PBXResourcesBuildPhase;
			buildActionMask = 2147483647;
			files = (
				62FAA6BF215FD5500040F66B /* LaunchScreen.storyboard in Resources */,
				62FAA6BC215FD5500040F66B /* Assets.xcassets in Resources */,
				62FAA6BA215FD54F0040F66B /* Main.storyboard in Resources */,
			);
			runOnlyForDeploymentPostprocessing = 0;
		};
		62FAA6C3215FD5500040F66B /* Resources */ = {
			isa = PBXResourcesBuildPhase;
			buildActionMask = 2147483647;
			files = (
			);
			runOnlyForDeploymentPostprocessing = 0;
		};
/* End PBXResourcesBuildPhase section */

/* Begin PBXSourcesBuildPhase section */
		62FAA6AD215FD54F0040F66B /* Sources */ = {
			isa = PBXSourcesBuildPhase;
			buildActionMask = 2147483647;
			files = (
				62FAA6B7215FD54F0040F66B /* ViewController.swift in Sources */,
				62FAA6B5215FD54F0040F66B /* AppDelegate.swift in Sources */,
			);
			runOnlyForDeploymentPostprocessing = 0;
		};
		62FAA6C1215FD5500040F66B /* Sources */ = {
			isa = PBXSourcesBuildPhase;
			buildActionMask = 2147483647;
			files = (
				62FAA6CA215FD5500040F66B /* TestTargetTests.swift in Sources */,
			);
			runOnlyForDeploymentPostprocessing = 0;
		};
/* End PBXSourcesBuildPhase section */

/* Begin PBXTargetDependency section */
		62FAA6C7215FD5500040F66B /* PBXTargetDependency */ = {
			isa = PBXTargetDependency;
			target = 62FAA6B0215FD54F0040F66B /* TestTarget */;
			targetProxy = 62FAA6C6215FD5500040F66B /* PBXContainerItemProxy */;
		};
/* End PBXTargetDependency section */

/* Begin PBXVariantGroup section */
		62FAA6B8215FD54F0040F66B /* Main.storyboard */ = {
			isa = PBXVariantGroup;
			children = (
				62FAA6B9215FD54F0040F66B /* Base */,
			);
			name = Main.storyboard;
			sourceTree = "<group>";
		};
		62FAA6BD215FD5500040F66B /* LaunchScreen.storyboard */ = {
			isa = PBXVariantGroup;
			children = (
				62FAA6BE215FD5500040F66B /* Base */,
			);
			name = LaunchScreen.storyboard;
			sourceTree = "<group>";
		};
/* End PBXVariantGroup section */

/* Begin XCBuildConfiguration section */
		62FAA6CC215FD5500040F66B /* Debug */ = {
			isa = XCBuildConfiguration;
			buildSettings = {
				ALWAYS_SEARCH_USER_PATHS = NO;
				CLANG_ANALYZER_NONNULL = YES;
				CLANG_ANALYZER_NUMBER_OBJECT_CONVERSION = YES_AGGRESSIVE;
				CLANG_CXX_LANGUAGE_STANDARD = "gnu++14";
				CLANG_CXX_LIBRARY = "libc++";
				CLANG_ENABLE_MODULES = YES;
				CLANG_ENABLE_OBJC_ARC = YES;
				CLANG_ENABLE_OBJC_WEAK = YES;
				CLANG_WARN_BLOCK_CAPTURE_AUTORELEASING = YES;
				CLANG_WARN_BOOL_CONVERSION = YES;
				CLANG_WARN_COMMA = YES;
				CLANG_WARN_CONSTANT_CONVERSION = YES;
				CLANG_WARN_DEPRECATED_OBJC_IMPLEMENTATIONS = YES;
				CLANG_WARN_DIRECT_OBJC_ISA_USAGE = YES_ERROR;
				CLANG_WARN_DOCUMENTATION_COMMENTS = YES;
				CLANG_WARN_EMPTY_BODY = YES;
				CLANG_WARN_ENUM_CONVERSION = YES;
				CLANG_WARN_INFINITE_RECURSION = YES;
				CLANG_WARN_INT_CONVERSION = YES;
				CLANG_WARN_NON_LITERAL_NULL_CONVERSION = YES;
				CLANG_WARN_OBJC_IMPLICIT_RETAIN_SELF = YES;
				CLANG_WARN_OBJC_LITERAL_CONVERSION = YES;
				CLANG_WARN_OBJC_ROOT_CLASS = YES_ERROR;
				CLANG_WARN_RANGE_LOOP_ANALYSIS = YES;
				CLANG_WARN_STRICT_PROTOTYPES = YES;
				CLANG_WARN_SUSPICIOUS_MOVE = YES;
				CLANG_WARN_UNGUARDED_AVAILABILITY = YES_AGGRESSIVE;
				CLANG_WARN_UNREACHABLE_CODE = YES;
				CLANG_WARN__DUPLICATE_METHOD_MATCH = YES;
				CODE_SIGN_IDENTITY = "iPhone Developer";
				COPY_PHASE_STRIP = NO;
				DEBUG_INFORMATION_FORMAT = dwarf;
				ENABLE_STRICT_OBJC_MSGSEND = YES;
				ENABLE_TESTABILITY = YES;
				GCC_C_LANGUAGE_STANDARD = gnu11;
				GCC_DYNAMIC_NO_PIC = NO;
				GCC_NO_COMMON_BLOCKS = YES;
				GCC_OPTIMIZATION_LEVEL = 0;
				GCC_PREPROCESSOR_DEFINITIONS = (
					"DEBUG=1",
					"$(inherited)",
				);
				GCC_WARN_64_TO_32_BIT_CONVERSION = YES;
				GCC_WARN_ABOUT_RETURN_TYPE = YES_ERROR;
				GCC_WARN_UNDECLARED_SELECTOR = YES;
				GCC_WARN_UNINITIALIZED_AUTOS = YES_AGGRESSIVE;
				GCC_WARN_UNUSED_FUNCTION = YES;
				GCC_WARN_UNUSED_VARIABLE = YES;
				IPHONEOS_DEPLOYMENT_TARGET = 12.0;
				MTL_ENABLE_DEBUG_INFO = INCLUDE_SOURCE;
				MTL_FAST_MATH = YES;
				ONLY_ACTIVE_ARCH = YES;
				SDKROOT = iphoneos;
				SWIFT_ACTIVE_COMPILATION_CONDITIONS = DEBUG;
				SWIFT_OPTIMIZATION_LEVEL = "-Onone";
			};
			name = Debug;
		};
		62FAA6CD215FD5500040F66B /* Release */ = {
			isa = XCBuildConfiguration;
			buildSettings = {
				ALWAYS_SEARCH_USER_PATHS = NO;
				CLANG_ANALYZER_NONNULL = YES;
				CLANG_ANALYZER_NUMBER_OBJECT_CONVERSION = YES_AGGRESSIVE;
				CLANG_CXX_LANGUAGE_STANDARD = "gnu++14";
				CLANG_CXX_LIBRARY = "libc++";
				CLANG_ENABLE_MODULES = YES;
				CLANG_ENABLE_OBJC_ARC = YES;
				CLANG_ENABLE_OBJC_WEAK = YES;
				CLANG_WARN_BLOCK_CAPTURE_AUTORELEASING = YES;
				CLANG_WARN_BOOL_CONVERSION = YES;
				CLANG_WARN_COMMA = YES;
				CLANG_WARN_CONSTANT_CONVERSION = YES;
				CLANG_WARN_DEPRECATED_OBJC_IMPLEMENTATIONS = YES;
				CLANG_WARN_DIRECT_OBJC_ISA_USAGE = YES_ERROR;
				CLANG_WARN_DOCUMENTATION_COMMENTS = YES;
				CLANG_WARN_EMPTY_BODY = YES;
				CLANG_WARN_ENUM_CONVERSION = YES;
				CLANG_WARN_INFINITE_RECURSION = YES;
				CLANG_WARN_INT_CONVERSION = YES;
				CLANG_WARN_NON_LITERAL_NULL_CONVERSION = YES;
				CLANG_WARN_OBJC_IMPLICIT_RETAIN_SELF = YES;
				CLANG_WARN_OBJC_LITERAL_CONVERSION = YES;
				CLANG_WARN_OBJC_ROOT_CLASS = YES_ERROR;
				CLANG_WARN_RANGE_LOOP_ANALYSIS = YES;
				CLANG_WARN_STRICT_PROTOTYPES = YES;
				CLANG_WARN_SUSPICIOUS_MOVE = YES;
				CLANG_WARN_UNGUARDED_AVAILABILITY = YES_AGGRESSIVE;
				CLANG_WARN_UNREACHABLE_CODE = YES;
				CLANG_WARN__DUPLICATE_METHOD_MATCH = YES;
				CODE_SIGN_IDENTITY = "iPhone Developer";
				COPY_PHASE_STRIP = NO;
				DEBUG_INFORMATION_FORMAT = "dwarf-with-dsym";
				ENABLE_NS_ASSERTIONS = NO;
				ENABLE_STRICT_OBJC_MSGSEND = YES;
				GCC_C_LANGUAGE_STANDARD = gnu11;
				GCC_NO_COMMON_BLOCKS = YES;
				GCC_WARN_64_TO_32_BIT_CONVERSION = YES;
				GCC_WARN_ABOUT_RETURN_TYPE = YES_ERROR;
				GCC_WARN_UNDECLARED_SELECTOR = YES;
				GCC_WARN_UNINITIALIZED_AUTOS = YES_AGGRESSIVE;
				GCC_WARN_UNUSED_FUNCTION = YES;
				GCC_WARN_UNUSED_VARIABLE = YES;
				IPHONEOS_DEPLOYMENT_TARGET = 12.0;
				MTL_ENABLE_DEBUG_INFO = NO;
				MTL_FAST_MATH = YES;
				SDKROOT = iphoneos;
				SWIFT_COMPILATION_MODE = wholemodule;
				SWIFT_OPTIMIZATION_LEVEL = "-O";
				VALIDATE_PRODUCT = YES;
			};
			name = Release;
		};
		62FAA6CF215FD5500040F66B /* Debug */ = {
			isa = XCBuildConfiguration;
			buildSettings = {
				ASSETCATALOG_COMPILER_APPICON_NAME = AppIcon;
				CODE_SIGN_STYLE = Automatic;
				INFOPLIST_FILE = TestTarget/Info.plist;
				LD_RUNPATH_SEARCH_PATHS = (
					"$(inherited)",
					"@executable_path/Frameworks",
				);
				PRODUCT_BUNDLE_IDENTIFIER = com.kuniwak.TestTarget;
				PRODUCT_NAME = "$(TARGET_NAME)";
				SWIFT_VERSION = 4.2;
				TARGETED_DEVICE_FAMILY = "1,2";
			};
			name = Debug;
		};
		62FAA6D0215FD5500040F66B /* Release */ = {
			isa = XCBuildConfiguration;
			buildSettings = {
				ASSETCATALOG_COMPILER_APPICON_NAME = AppIcon;
				CODE_SIGN_STYLE = Automatic;
				INFOPLIST_FILE = TestTarget/Info.plist;
				LD_RUNPATH_SEARCH_PATHS = (
					"$(inherited)",
					"@executable_path/Frameworks",
				);
				PRODUCT_BUNDLE_IDENTIFIER = com.kuniwak.TestTarget;
				PRODUCT_NAME = "$(TARGET_NAME)";
				SWIFT_VERSION = 4.2;
				TARGETED_DEVICE_FAMILY = "1,2";
			};
			name = Release;
		};
		62FAA6D2215FD5500040F66B /* Debug */ = {
			isa = XCBuildConfiguration;
			buildSettings = {
				ALWAYS_EMBED_SWIFT_STANDARD_LIBRARIES = YES;
				BUNDLE_LOADER = "$(TEST_HOST)";
				CODE_SIGN_STYLE = Automatic;
				INFOPLIST_FILE = TestTargetTests/Info.plist;
				LD_RUNPATH_SEARCH_PATHS = (
					"$(inherited)",
					"@executable_path/Frameworks",
					"@loader_path/Frameworks",
				);
				PRODUCT_BUNDLE_IDENTIFIER = com.kuniwak.TestTargetTests;
				PRODUCT_NAME = "$(TARGET_NAME)";
				SWIFT_VERSION = 4.2;
				TARGETED_DEVICE_FAMILY = "1,2";
				TEST_HOST = "$(BUILT_PRODUCTS_DIR)/TestTarget.app/TestTarget";
			};
			name = Debug;
		};
		62FAA6D3215FD5500040F66B /* Release */ = {
			isa = XCBuildConfiguration;
			buildSettings = {
				ALWAYS_EMBED_SWIFT_STANDARD_LIBRARIES = YES;
				BUNDLE_LOADER = "$(TEST_HOST)";
				CODE_SIGN_STYLE = Automatic;
				INFOPLIST_FILE = TestTargetTests/Info.plist;
				LD_RUNPATH_SEARCH_PATHS = (
					"$(inherited)",
					"@executable_path/Frameworks",
					"@loader_path/Frameworks",
				);
				PRODUCT_BUNDLE_IDENTIFIER = com.kuniwak.TestTargetTests;
				PRODUCT_NAME = "$(TARGET_NAME)";
				SWIFT_VERSION = 4.2;
				TARGETED_DEVICE_FAMILY = "1,2";
				TEST_HOST = "$(BUILT_PRODUCTS_DIR)/TestTarget.app/TestTarget";
			};
			name = Release;
		};
/* End XCBuildConfiguration section */

/* Begin XCConfigurationList section */
		62FAA6AC215FD54F0040F66B /* Build configuration list for PBXProject "TestTarget" */ = {
			isa = XCConfigurationList;
			buildConfigurations = (
				62FAA6CC215FD5500040F66B /* Debug */,
				62FAA6CD215FD5500040F66B /* Release */,
			);
			defaultConfigurationIsVisible = 0;
			defaultConfigurationName = Release;
		};
		62FAA6CE215FD5500040F66B /* Build configuration list for PBXNativeTarget "TestTarget" */ = {
			isa = XCConfigurationList;
			buildConfigurations = (
				62FAA6CF215FD5500040F66B /* Debug */,
				62FAA6D0215FD5500040F66B /* Release */,
			);
			defaultConfigurationIsVisible = 0;
			defaultConfigurationName = Release;
		};
		62FAA6D1215FD5500040F66B /* Build configuration list for PBXNativeTarget "TestTargetTests" */ = {
			isa = XCConfigurationList;
			buildConfigurations = (
				62FAA6D2215FD5500040F66B /* Debug */,
				62FAA6D3215FD5500040F66B /* Release */,
			);
			defaultConfigurationIsVisible = 0;
			defaultConfigurationName = Release;
		};
/* End XCConfigurationList section */
	};
	rootObject = 62FAA6A9215FD54F0040F66B /* Project object */;
}
